// !$*UTF8*$!
{
	archiveVersion = 1;
	classes = {
	};
	objectVersion = 46;
	objects = {

/* Begin PBXBuildFile section */
		00BD07F51C6EDDB900CC328E /* AppDelegate.swift in Sources */ = {isa = PBXBuildFile; fileRef = 00BD07F41C6EDDB900CC328E /* AppDelegate.swift */; };
		00BD07F71C6EDDB900CC328E /* ViewController.swift in Sources */ = {isa = PBXBuildFile; fileRef = 00BD07F61C6EDDB900CC328E /* ViewController.swift */; };
		00BD07FA1C6EDDB900CC328E /* Main.storyboard in Resources */ = {isa = PBXBuildFile; fileRef = 00BD07F81C6EDDB900CC328E /* Main.storyboard */; };
		00BD07FC1C6EDDB900CC328E /* Assets.xcassets in Resources */ = {isa = PBXBuildFile; fileRef = 00BD07FB1C6EDDB900CC328E /* Assets.xcassets */; };
		00BD07FF1C6EDDB900CC328E /* LaunchScreen.storyboard in Resources */ = {isa = PBXBuildFile; fileRef = 00BD07FD1C6EDDB900CC328E /* LaunchScreen.storyboard */; };
		00BD080A1C6EDDBA00CC328E /* TechMonsterTests.swift in Sources */ = {isa = PBXBuildFile; fileRef = 00BD08091C6EDDBA00CC328E /* TechMonsterTests.swift */; };
		00BD08151C6EDDBA00CC328E /* TechMonsterUITests.swift in Sources */ = {isa = PBXBuildFile; fileRef = 00BD08141C6EDDBA00CC328E /* TechMonsterUITests.swift */; };
/* End PBXBuildFile section */

/* Begin PBXContainerItemProxy section */
		00BD08061C6EDDBA00CC328E /* PBXContainerItemProxy */ = {
			isa = PBXContainerItemProxy;
			containerPortal = 00BD07E91C6EDDB900CC328E /* Project object */;
			proxyType = 1;
			remoteGlobalIDString = 00BD07F01C6EDDB900CC328E;
			remoteInfo = TechMonster;
		};
		00BD08111C6EDDBA00CC328E /* PBXContainerItemProxy */ = {
			isa = PBXContainerItemProxy;
			containerPortal = 00BD07E91C6EDDB900CC328E /* Project object */;
			proxyType = 1;
			remoteGlobalIDString = 00BD07F01C6EDDB900CC328E;
			remoteInfo = TechMonster;
		};
/* End PBXContainerItemProxy section */

/* Begin PBXFileReference section */
		00BD07F11C6EDDB900CC328E /* TechMonster.app */ = {isa = PBXFileReference; explicitFileType = wrapper.application; includeInIndex = 0; path = TechMonster.app; sourceTree = BUILT_PRODUCTS_DIR; };
		00BD07F41C6EDDB900CC328E /* AppDelegate.swift */ = {isa = PBXFileReference; lastKnownFileType = sourcecode.swift; path = AppDelegate.swift; sourceTree = "<group>"; };
		00BD07F61C6EDDB900CC328E /* ViewController.swift */ = {isa = PBXFileReference; lastKnownFileType = sourcecode.swift; path = ViewController.swift; sourceTree = "<group>"; };
		00BD07F91C6EDDB900CC328E /* Base */ = {isa = PBXFileReference; lastKnownFileType = file.storyboard; name = Base; path = Base.lproj/Main.storyboard; sourceTree = "<group>"; };
		00BD07FB1C6EDDB900CC328E /* Assets.xcassets */ = {isa = PBXFileReference; lastKnownFileType = folder.assetcatalog; path = Assets.xcassets; sourceTree = "<group>"; };
		00BD07FE1C6EDDB900CC328E /* Base */ = {isa = PBXFileReference; lastKnownFileType = file.storyboard; name = Base; path = Base.lproj/LaunchScreen.storyboard; sourceTree = "<group>"; };
		00BD08001C6EDDB900CC328E /* Info.plist */ = {isa = PBXFileReference; lastKnownFileType = text.plist.xml; path = Info.plist; sourceTree = "<group>"; };
		00BD08051C6EDDBA00CC328E /* TechMonsterTests.xctest */ = {isa = PBXFileReference; explicitFileType = wrapper.cfbundle; includeInIndex = 0; path = TechMonsterTests.xctest; sourceTree = BUILT_PRODUCTS_DIR; };
		00BD08091C6EDDBA00CC328E /* TechMonsterTests.swift */ = {isa = PBXFileReference; lastKnownFileType = sourcecode.swift; path = TechMonsterTests.swift; sourceTree = "<group>"; };
		00BD080B1C6EDDBA00CC328E /* Info.plist */ = {isa = PBXFileReference; lastKnownFileType = text.plist.xml; path = Info.plist; sourceTree = "<group>"; };
		00BD08101C6EDDBA00CC328E /* TechMonsterUITests.xctest */ = {isa = PBXFileReference; explicitFileType = wrapper.cfbundle; includeInIndex = 0; path = TechMonsterUITests.xctest; sourceTree = BUILT_PRODUCTS_DIR; };
		00BD08141C6EDDBA00CC328E /* TechMonsterUITests.swift */ = {isa = PBXFileReference; lastKnownFileType = sourcecode.swift; path = TechMonsterUITests.swift; sourceTree = "<group>"; };
		00BD08161C6EDDBA00CC328E /* Info.plist */ = {isa = PBXFileReference; lastKnownFileType = text.plist.xml; path = Info.plist; sourceTree = "<group>"; };
/* End PBXFileReference section */

/* Begin PBXFrameworksBuildPhase section */
		00BD07EE1C6EDDB900CC328E /* Frameworks */ = {
			isa = PBXFrameworksBuildPhase;
			buildActionMask = 2147483647;
			files = (
			);
			runOnlyForDeploymentPostprocessing = 0;
		};
		00BD08021C6EDDBA00CC328E /* Frameworks */ = {
			isa = PBXFrameworksBuildPhase;
			buildActionMask = 2147483647;
			files = (
			);
			runOnlyForDeploymentPostprocessing = 0;
		};
		00BD080D1C6EDDBA00CC328E /* Frameworks */ = {
			isa = PBXFrameworksBuildPhase;
			buildActionMask = 2147483647;
			files = (
			);
			runOnlyForDeploymentPostprocessing = 0;
		};
/* End PBXFrameworksBuildPhase section */

/* Begin PBXGroup section */
		00BD07E81C6EDDB900CC328E = {
			isa = PBXGroup;
			children = (
				00BD07F31C6EDDB900CC328E /* TechMonster */,
				00BD08081C6EDDBA00CC328E /* TechMonsterTests */,
				00BD08131C6EDDBA00CC328E /* TechMonsterUITests */,
				00BD07F21C6EDDB900CC328E /* Products */,
			);
			sourceTree = "<group>";
		};
		00BD07F21C6EDDB900CC328E /* Products */ = {
			isa = PBXGroup;
			children = (
				00BD07F11C6EDDB900CC328E /* TechMonster.app */,
				00BD08051C6EDDBA00CC328E /* TechMonsterTests.xctest */,
				00BD08101C6EDDBA00CC328E /* TechMonsterUITests.xctest */,
			);
			name = Products;
			sourceTree = "<group>";
		};
		00BD07F31C6EDDB900CC328E /* TechMonster */ = {
			isa = PBXGroup;
			children = (
				00BD07F41C6EDDB900CC328E /* AppDelegate.swift */,
				00BD07F61C6EDDB900CC328E /* ViewController.swift */,
				00BD07F81C6EDDB900CC328E /* Main.storyboard */,
				00BD07FB1C6EDDB900CC328E /* Assets.xcassets */,
				00BD07FD1C6EDDB900CC328E /* LaunchScreen.storyboard */,
				00BD08001C6EDDB900CC328E /* Info.plist */,
			);
			path = TechMonster;
			sourceTree = "<group>";
		};
		00BD08081C6EDDBA00CC328E /* TechMonsterTests */ = {
			isa = PBXGroup;
			children = (
				00BD08091C6EDDBA00CC328E /* TechMonsterTests.swift */,
				00BD080B1C6EDDBA00CC328E /* Info.plist */,
			);
			path = TechMonsterTests;
			sourceTree = "<group>";
		};
		00BD08131C6EDDBA00CC328E /* TechMonsterUITests */ = {
			isa = PBXGroup;
			children = (
				00BD08141C6EDDBA00CC328E /* TechMonsterUITests.swift */,
				00BD08161C6EDDBA00CC328E /* Info.plist */,
			);
			path = TechMonsterUITests;
			sourceTree = "<group>";
		};
/* End PBXGroup section */

/* Begin PBXNativeTarget section */
		00BD07F01C6EDDB900CC328E /* TechMonster */ = {
			isa = PBXNativeTarget;
			buildConfigurationList = 00BD08191C6EDDBA00CC328E /* Build configuration list for PBXNativeTarget "TechMonster" */;
			buildPhases = (
				00BD07ED1C6EDDB900CC328E /* Sources */,
				00BD07EE1C6EDDB900CC328E /* Frameworks */,
				00BD07EF1C6EDDB900CC328E /* Resources */,
			);
			buildRules = (
			);
			dependencies = (
			);
			name = TechMonster;
			productName = TechMonster;
			productReference = 00BD07F11C6EDDB900CC328E /* TechMonster.app */;
			productType = "com.apple.product-type.application";
		};
		00BD08041C6EDDBA00CC328E /* TechMonsterTests */ = {
			isa = PBXNativeTarget;
			buildConfigurationList = 00BD081C1C6EDDBA00CC328E /* Build configuration list for PBXNativeTarget "TechMonsterTests" */;
			buildPhases = (
				00BD08011C6EDDBA00CC328E /* Sources */,
				00BD08021C6EDDBA00CC328E /* Frameworks */,
				00BD08031C6EDDBA00CC328E /* Resources */,
			);
			buildRules = (
			);
			dependencies = (
				00BD08071C6EDDBA00CC328E /* PBXTargetDependency */,
			);
			name = TechMonsterTests;
			productName = TechMonsterTests;
			productReference = 00BD08051C6EDDBA00CC328E /* TechMonsterTests.xctest */;
			productType = "com.apple.product-type.bundle.unit-test";
		};
		00BD080F1C6EDDBA00CC328E /* TechMonsterUITests */ = {
			isa = PBXNativeTarget;
			buildConfigurationList = 00BD081F1C6EDDBA00CC328E /* Build configuration list for PBXNativeTarget "TechMonsterUITests" */;
			buildPhases = (
				00BD080C1C6EDDBA00CC328E /* Sources */,
				00BD080D1C6EDDBA00CC328E /* Frameworks */,
				00BD080E1C6EDDBA00CC328E /* Resources */,
			);
			buildRules = (
			);
			dependencies = (
				00BD08121C6EDDBA00CC328E /* PBXTargetDependency */,
			);
			name = TechMonsterUITests;
			productName = TechMonsterUITests;
			productReference = 00BD08101C6EDDBA00CC328E /* TechMonsterUITests.xctest */;
			productType = "com.apple.product-type.bundle.ui-testing";
		};
/* End PBXNativeTarget section */

/* Begin PBXProject section */
		00BD07E91C6EDDB900CC328E /* Project object */ = {
			isa = PBXProject;
			attributes = {
				LastSwiftUpdateCheck = 0720;
				LastUpgradeCheck = 0720;
				ORGANIZATIONNAME = myname;
				TargetAttributes = {
					00BD07F01C6EDDB900CC328E = {
						CreatedOnToolsVersion = 7.2;
						DevelopmentTeam = PN47AP442G;
					};
					00BD08041C6EDDBA00CC328E = {
						CreatedOnToolsVersion = 7.2;
						DevelopmentTeam = PN47AP442G;
						TestTargetID = 00BD07F01C6EDDB900CC328E;
					};
					00BD080F1C6EDDBA00CC328E = {
						CreatedOnToolsVersion = 7.2;
						DevelopmentTeam = PN47AP442G;
						TestTargetID = 00BD07F01C6EDDB900CC328E;
					};
				};
			};
			buildConfigurationList = 00BD07EC1C6EDDB900CC328E /* Build configuration list for PBXProject "TechMonster" */;
			compatibilityVersion = "Xcode 3.2";
			developmentRegion = English;
			hasScannedForEncodings = 0;
			knownRegions = (
				en,
				Base,
			);
			mainGroup = 00BD07E81C6EDDB900CC328E;
			productRefGroup = 00BD07F21C6EDDB900CC328E /* Products */;
			projectDirPath = "";
			projectRoot = "";
			targets = (
				00BD07F01C6EDDB900CC328E /* TechMonster */,
				00BD08041C6EDDBA00CC328E /* TechMonsterTests */,
				00BD080F1C6EDDBA00CC328E /* TechMonsterUITests */,
			);
		};
/* End PBXProject section */

/* Begin PBXResourcesBuildPhase section */
		00BD07EF1C6EDDB900CC328E /* Resources */ = {
			isa = PBXResourcesBuildPhase;
			buildActionMask = 2147483647;
			files = (
				00BD07FF1C6EDDB900CC328E /* LaunchScreen.storyboard in Resources */,
				00BD07FC1C6EDDB900CC328E /* Assets.xcassets in Resources */,
				00BD07FA1C6EDDB900CC328E /* Main.storyboard in Resources */,
			);
			runOnlyForDeploymentPostprocessing = 0;
		};
		00BD08031C6EDDBA00CC328E /* Resources */ = {
			isa = PBXResourcesBuildPhase;
			buildActionMask = 2147483647;
			files = (
			);
			runOnlyForDeploymentPostprocessing = 0;
		};
		00BD080E1C6EDDBA00CC328E /* Resources */ = {
			isa = PBXResourcesBuildPhase;
			buildActionMask = 2147483647;
			files = (
			);
			runOnlyForDeploymentPostprocessing = 0;
		};
/* End PBXResourcesBuildPhase section */

/* Begin PBXSourcesBuildPhase section */
		00BD07ED1C6EDDB900CC328E /* Sources */ = {
			isa = PBXSourcesBuildPhase;
			buildActionMask = 2147483647;
			files = (
				00BD07F71C6EDDB900CC328E /* ViewController.swift in Sources */,
				00BD07F51C6EDDB900CC328E /* AppDelegate.swift in Sources */,
			);
			runOnlyForDeploymentPostprocessing = 0;
		};
		00BD08011C6EDDBA00CC328E /* Sources */ = {
			isa = PBXSourcesBuildPhase;
			buildActionMask = 2147483647;
			files = (
				00BD080A1C6EDDBA00CC328E /* TechMonsterTests.swift in Sources */,
			);
			runOnlyForDeploymentPostprocessing = 0;
		};
		00BD080C1C6EDDBA00CC328E /* Sources */ = {
			isa = PBXSourcesBuildPhase;
			buildActionMask = 2147483647;
			files = (
				00BD08151C6EDDBA00CC328E /* TechMonsterUITests.swift in Sources */,
			);
			runOnlyForDeploymentPostprocessing = 0;
		};
/* End PBXSourcesBuildPhase section */

/* Begin PBXTargetDependency section */
		00BD08071C6EDDBA00CC328E /* PBXTargetDependency */ = {
			isa = PBXTargetDependency;
			target = 00BD07F01C6EDDB900CC328E /* TechMonster */;
			targetProxy = 00BD08061C6EDDBA00CC328E /* PBXContainerItemProxy */;
		};
		00BD08121C6EDDBA00CC328E /* PBXTargetDependency */ = {
			isa = PBXTargetDependency;
			target = 00BD07F01C6EDDB900CC328E /* TechMonster */;
			targetProxy = 00BD08111C6EDDBA00CC328E /* PBXContainerItemProxy */;
		};
/* End PBXTargetDependency section */

/* Begin PBXVariantGroup section */
		00BD07F81C6EDDB900CC328E /* Main.storyboard */ = {
			isa = PBXVariantGroup;
			children = (
				00BD07F91C6EDDB900CC328E /* Base */,
			);
			name = Main.storyboard;
			sourceTree = "<group>";
		};
		00BD07FD1C6EDDB900CC328E /* LaunchScreen.storyboard */ = {
			isa = PBXVariantGroup;
			children = (
				00BD07FE1C6EDDB900CC328E /* Base */,
			);
			name = LaunchScreen.storyboard;
			sourceTree = "<group>";
		};
/* End PBXVariantGroup section */

/* Begin XCBuildConfiguration section */
		00BD08171C6EDDBA00CC328E /* Debug */ = {
			isa = XCBuildConfiguration;
			buildSettings = {
				ALWAYS_SEARCH_USER_PATHS = NO;
				CLANG_CXX_LANGUAGE_STANDARD = "gnu++0x";
				CLANG_CXX_LIBRARY = "libc++";
				CLANG_ENABLE_MODULES = YES;
				CLANG_ENABLE_OBJC_ARC = YES;
				CLANG_WARN_BOOL_CONVERSION = YES;
				CLANG_WARN_CONSTANT_CONVERSION = YES;
				CLANG_WARN_DIRECT_OBJC_ISA_USAGE = YES_ERROR;
				CLANG_WARN_EMPTY_BODY = YES;
				CLANG_WARN_ENUM_CONVERSION = YES;
				CLANG_WARN_INT_CONVERSION = YES;
				CLANG_WARN_OBJC_ROOT_CLASS = YES_ERROR;
				CLANG_WARN_UNREACHABLE_CODE = YES;
				CLANG_WARN__DUPLICATE_METHOD_MATCH = YES;
				"CODE_SIGN_IDENTITY[sdk=iphoneos*]" = "iPhone Developer";
				COPY_PHASE_STRIP = NO;
				DEBUG_INFORMATION_FORMAT = dwarf;
				ENABLE_STRICT_OBJC_MSGSEND = YES;
				ENABLE_TESTABILITY = YES;
				GCC_C_LANGUAGE_STANDARD = gnu99;
				GCC_DYNAMIC_NO_PIC = NO;
				GCC_NO_COMMON_BLOCKS = YES;
				GCC_OPTIMIZATION_LEVEL = 0;
				GCC_PREPROCESSOR_DEFINITIONS = (
					"DEBUG=1",
					"$(inherited)",
				);
				GCC_WARN_64_TO_32_BIT_CONVERSION = YES;
				GCC_WARN_ABOUT_RETURN_TYPE = YES_ERROR;
				GCC_WARN_UNDECLARED_SELECTOR = YES;
				GCC_WARN_UNINITIALIZED_AUTOS = YES_AGGRESSIVE;
				GCC_WARN_UNUSED_FUNCTION = YES;
				GCC_WARN_UNUSED_VARIABLE = YES;
				IPHONEOS_DEPLOYMENT_TARGET = 9.2;
				MTL_ENABLE_DEBUG_INFO = YES;
				ONLY_ACTIVE_ARCH = YES;
				SDKROOT = iphoneos;
				SWIFT_OPTIMIZATION_LEVEL = "-Onone";
			};
			name = Debug;
		};
		00BD08181C6EDDBA00CC328E /* Release */ = {
			isa = XCBuildConfiguration;
			buildSettings = {
				ALWAYS_SEARCH_USER_PATHS = NO;
				CLANG_CXX_LANGUAGE_STANDARD = "gnu++0x";
				CLANG_CXX_LIBRARY = "libc++";
				CLANG_ENABLE_MODULES = YES;
				CLANG_ENABLE_OBJC_ARC = YES;
				CLANG_WARN_BOOL_CONVERSION = YES;
				CLANG_WARN_CONSTANT_CONVERSION = YES;
				CLANG_WARN_DIRECT_OBJC_ISA_USAGE = YES_ERROR;
				CLANG_WARN_EMPTY_BODY = YES;
				CLANG_WARN_ENUM_CONVERSION = YES;
				CLANG_WARN_INT_CONVERSION = YES;
				CLANG_WARN_OBJC_ROOT_CLASS = YES_ERROR;
				CLANG_WARN_UNREACHABLE_CODE = YES;
				CLANG_WARN__DUPLICATE_METHOD_MATCH = YES;
				"CODE_SIGN_IDENTITY[sdk=iphoneos*]" = "iPhone Developer";
				COPY_PHASE_STRIP = NO;
				DEBUG_INFORMATION_FORMAT = "dwarf-with-dsym";
				ENABLE_NS_ASSERTIONS = NO;
				ENABLE_STRICT_OBJC_MSGSEND = YES;
				GCC_C_LANGUAGE_STANDARD = gnu99;
				GCC_NO_COMMON_BLOCKS = YES;
				GCC_WARN_64_TO_32_BIT_CONVERSION = YES;
				GCC_WARN_ABOUT_RETURN_TYPE = YES_ERROR;
				GCC_WARN_UNDECLARED_SELECTOR = YES;
				GCC_WARN_UNINITIALIZED_AUTOS = YES_AGGRESSIVE;
				GCC_WARN_UNUSED_FUNCTION = YES;
				GCC_WARN_UNUSED_VARIABLE = YES;
				IPHONEOS_DEPLOYMENT_TARGET = 9.2;
				MTL_ENABLE_DEBUG_INFO = NO;
				SDKROOT = iphoneos;
				VALIDATE_PRODUCT = YES;
			};
			name = Release;
		};
		00BD081A1C6EDDBA00CC328E /* Debug */ = {
			isa = XCBuildConfiguration;
			buildSettings = {
				ASSETCATALOG_COMPILER_APPICON_NAME = AppIcon;
				INFOPLIST_FILE = TechMonster/Info.plist;
				LD_RUNPATH_SEARCH_PATHS = "$(inherited) @executable_path/Frameworks";
				PRODUCT_BUNDLE_IDENTIFIER = com.myname.TechMonster;
				PRODUCT_NAME = "$(TARGET_NAME)";
			};
			name = Debug;
		};
		00BD081B1C6EDDBA00CC328E /* Release */ = {
			isa = XCBuildConfiguration;
			buildSettings = {
				ASSETCATALOG_COMPILER_APPICON_NAME = AppIcon;
				INFOPLIST_FILE = TechMonster/Info.plist;
				LD_RUNPATH_SEARCH_PATHS = "$(inherited) @executable_path/Frameworks";
				PRODUCT_BUNDLE_IDENTIFIER = com.myname.TechMonster;
				PRODUCT_NAME = "$(TARGET_NAME)";
			};
			name = Release;
		};
		00BD081D1C6EDDBA00CC328E /* Debug */ = {
			isa = XCBuildConfiguration;
			buildSettings = {
				BUNDLE_LOADER = "$(TEST_HOST)";
				INFOPLIST_FILE = TechMonsterTests/Info.plist;
				LD_RUNPATH_SEARCH_PATHS = "$(inherited) @executable_path/Frameworks @loader_path/Frameworks";
				PRODUCT_BUNDLE_IDENTIFIER = com.myname.TechMonsterTests;
				PRODUCT_NAME = "$(TARGET_NAME)";
				TEST_HOST = "$(BUILT_PRODUCTS_DIR)/TechMonster.app/TechMonster";
			};
			name = Debug;
		};
		00BD081E1C6EDDBA00CC328E /* Release */ = {
			isa = XCBuildConfiguration;
			buildSettings = {
				BUNDLE_LOADER = "$(TEST_HOST)";
				INFOPLIST_FILE = TechMonsterTests/Info.plist;
				LD_RUNPATH_SEARCH_PATHS = "$(inherited) @executable_path/Frameworks @loader_path/Frameworks";
				PRODUCT_BUNDLE_IDENTIFIER = com.myname.TechMonsterTests;
				PRODUCT_NAME = "$(TARGET_NAME)";
				TEST_HOST = "$(BUILT_PRODUCTS_DIR)/TechMonster.app/TechMonster";
			};
			name = Release;
		};
		00BD08201C6EDDBA00CC328E /* Debug */ = {
			isa = XCBuildConfiguration;
			buildSettings = {
				INFOPLIST_FILE = TechMonsterUITests/Info.plist;
				LD_RUNPATH_SEARCH_PATHS = "$(inherited) @executable_path/Frameworks @loader_path/Frameworks";
				PRODUCT_BUNDLE_IDENTIFIER = com.myname.TechMonsterUITests;
				PRODUCT_NAME = "$(TARGET_NAME)";
				TEST_TARGET_NAME = TechMonster;
				USES_XCTRUNNER = YES;
			};
			name = Debug;
		};
		00BD08211C6EDDBA00CC328E /* Release */ = {
			isa = XCBuildConfiguration;
			buildSettings = {
				INFOPLIST_FILE = TechMonsterUITests/Info.plist;
				LD_RUNPATH_SEARCH_PATHS = "$(inherited) @executable_path/Frameworks @loader_path/Frameworks";
				PRODUCT_BUNDLE_IDENTIFIER = com.myname.TechMonsterUITests;
				PRODUCT_NAME = "$(TARGET_NAME)";
				TEST_TARGET_NAME = TechMonster;
				USES_XCTRUNNER = YES;
			};
			name = Release;
		};
/* End XCBuildConfiguration section */

/* Begin XCConfigurationList section */
		00BD07EC1C6EDDB900CC328E /* Build configuration list for PBXProject "TechMonster" */ = {
			isa = XCConfigurationList;
			buildConfigurations = (
				00BD08171C6EDDBA00CC328E /* Debug */,
				00BD08181C6EDDBA00CC328E /* Release */,
			);
			defaultConfigurationIsVisible = 0;
			defaultConfigurationName = Release;
		};
		00BD08191C6EDDBA00CC328E /* Build configuration list for PBXNativeTarget "TechMonster" */ = {
			isa = XCConfigurationList;
			buildConfigurations = (
				00BD081A1C6EDDBA00CC328E /* Debug */,
				00BD081B1C6EDDBA00CC328E /* Release */,
			);
			defaultConfigurationIsVisible = 0;
		};
		00BD081C1C6EDDBA00CC328E /* Build configuration list for PBXNativeTarget "TechMonsterTests" */ = {
			isa = XCConfigurationList;
			buildConfigurations = (
				00BD081D1C6EDDBA00CC328E /* Debug */,
				00BD081E1C6EDDBA00CC328E /* Release */,
			);
			defaultConfigurationIsVisible = 0;
		};
		00BD081F1C6EDDBA00CC328E /* Build configuration list for PBXNativeTarget "TechMonsterUITests" */ = {
			isa = XCConfigurationList;
			buildConfigurations = (
				00BD08201C6EDDBA00CC328E /* Debug */,
				00BD08211C6EDDBA00CC328E /* Release */,
			);
			defaultConfigurationIsVisible = 0;
		};
/* End XCConfigurationList section */
	};
	rootObject = 00BD07E91C6EDDB900CC328E /* Project object */;
}
